
Microsoft Visual Studio Solution File, Format Version 12.00
# Visual Studio 2012
Project("{FAE04EC0-301F-11D3-BF4B-00C04F79EFBC}") = "Elokuvatietue", "Elokuvatietue\Elokuvatietue.csproj", "{611AB38D-9B6A-4620-970E-B8BBDCB19208}"
EndProject
Project("{FAE04EC0-301F-11D3-BF4B-00C04F79EFBC}") = "RatingControlSample", "RatingControlSample\RatingControlSample\RatingControlSample.csproj", "{16B3907E-2EA4-429A-A418-5B63E0C018BA}"
EndProject
Global
	GlobalSection(SolutionConfigurationPlatforms) = preSolution
		Debug|Any CPU = Debug|Any CPU
		Release|Any CPU = Release|Any CPU
	EndGlobalSection
	GlobalSection(ProjectConfigurationPlatforms) = postSolution
		{611AB38D-9B6A-4620-970E-B8BBDCB19208}.Debug|Any CPU.ActiveCfg = Release|Any CPU
		{611AB38D-9B6A-4620-970E-B8BBDCB19208}.Debug|Any CPU.Build.0 = Release|Any CPU
		{611AB38D-9B6A-4620-970E-B8BBDCB19208}.Release|Any CPU.ActiveCfg = Release|Any CPU
		{611AB38D-9B6A-4620-970E-B8BBDCB19208}.Release|Any CPU.Build.0 = Release|Any CPU
		{16B3907E-2EA4-429A-A418-5B63E0C018BA}.Debug|Any CPU.ActiveCfg = Debug|Any CPU
		{16B3907E-2EA4-429A-A418-5B63E0C018BA}.Debug|Any CPU.Build.0 = Debug|Any CPU
		{16B3907E-2EA4-429A-A418-5B63E0C018BA}.Release|Any CPU.ActiveCfg = Release|Any CPU
		{16B3907E-2EA4-429A-A418-5B63E0C018BA}.Release|Any CPU.Build.0 = Release|Any CPU
	EndGlobalSection
	GlobalSection(SolutionProperties) = preSolution
		HideSolutionNode = FALSE
	EndGlobalSection
EndGlobal
