
Microsoft Visual Studio Solution File, Format Version 12.00
# Visual Studio 2012
Project("{FAE04EC0-301F-11D3-BF4B-00C04F79EFBC}") = "ShereYourMovies", "ShereYourMovies\ShereYourMovies.csproj", "{F0EA7C5C-FEC8-44E0-B6C3-3B468E9C634D}"
EndProject
Global
	GlobalSection(SolutionConfigurationPlatforms) = preSolution
		Debug|Any CPU = Debug|Any CPU
		Release|Any CPU = Release|Any CPU
	EndGlobalSection
	GlobalSection(ProjectConfigurationPlatforms) = postSolution
		{F0EA7C5C-FEC8-44E0-B6C3-3B468E9C634D}.Debug|Any CPU.ActiveCfg = Debug|Any CPU
		{F0EA7C5C-FEC8-44E0-B6C3-3B468E9C634D}.Debug|Any CPU.Build.0 = Debug|Any CPU
		{F0EA7C5C-FEC8-44E0-B6C3-3B468E9C634D}.Release|Any CPU.ActiveCfg = Release|Any CPU
		{F0EA7C5C-FEC8-44E0-B6C3-3B468E9C634D}.Release|Any CPU.Build.0 = Release|Any CPU
	EndGlobalSection
	GlobalSection(SolutionProperties) = preSolution
		HideSolutionNode = FALSE
	EndGlobalSection
EndGlobal
